
Microsoft Visual Studio Solution File, Format Version 12.00
# Visual Studio Version 16
VisualStudioVersion = 16.0.31702.278
MinimumVisualStudioVersion = 10.0.40219.1
Project("{FAE04EC0-301F-11D3-BF4B-00C04F79EFBC}") = "SuperHeroProject", "SuperHeroProject\SuperHeroProject.csproj", "{99914F30-4DCB-4060-8CEF-81267FC0F749}"
EndProject
Global
	GlobalSection(SolutionConfigurationPlatforms) = preSolution
		Debug|Any CPU = Debug|Any CPU
		Release|Any CPU = Release|Any CPU
	EndGlobalSection
	GlobalSection(ProjectConfigurationPlatforms) = postSolution
		{99914F30-4DCB-4060-8CEF-81267FC0F749}.Debug|Any CPU.ActiveCfg = Debug|Any CPU
		{99914F30-4DCB-4060-8CEF-81267FC0F749}.Debug|Any CPU.Build.0 = Debug|Any CPU
		{99914F30-4DCB-4060-8CEF-81267FC0F749}.Release|Any CPU.ActiveCfg = Release|Any CPU
		{99914F30-4DCB-4060-8CEF-81267FC0F749}.Release|Any CPU.Build.0 = Release|Any CPU
	EndGlobalSection
	GlobalSection(SolutionProperties) = preSolution
		HideSolutionNode = FALSE
	EndGlobalSection
	GlobalSection(ExtensibilityGlobals) = postSolution
		SolutionGuid = {F9B9176B-902A-426B-8F6F-10B60F031417}
	EndGlobalSection
EndGlobal
